// !$*UTF8*$!
{
	archiveVersion = 1;
	classes = {
	};
	objectVersion = 56;
	objects = {

/* Begin PBXBuildFile section */
		D6650EED2D0F04B8002AA367 /* Assets.xcassets in Resources */ = {isa = PBXBuildFile; fileRef = D6650EEC2D0F04B8002AA367 /* Assets.xcassets */; };
		D6650EF02D0F04B8002AA367 /* Preview Assets.xcassets in Resources */ = {isa = PBXBuildFile; fileRef = D6650EEF2D0F04B8002AA367 /* Preview Assets.xcassets */; };
		D6650EFA2D0F04B8002AA367 /* Literary_Work___SPTests.swift in Sources */ = {isa = PBXBuildFile; fileRef = D6650EF92D0F04B8002AA367 /* Literary_Work___SPTests.swift */; };
		D6650F042D0F04B8002AA367 /* Literary_Work___SPUITests.swift in Sources */ = {isa = PBXBuildFile; fileRef = D6650F032D0F04B8002AA367 /* Literary_Work___SPUITests.swift */; };
		D6650F062D0F04B8002AA367 /* Literary_Work___SPUITestsLaunchTests.swift in Sources */ = {isa = PBXBuildFile; fileRef = D6650F052D0F04B8002AA367 /* Literary_Work___SPUITestsLaunchTests.swift */; };
		D6650F132D0F04D4002AA367 /* LogInView.swift in Sources */ = {isa = PBXBuildFile; fileRef = D6650F122D0F04D4002AA367 /* LogInView.swift */; };
		D6650F152D0F04E4002AA367 /* RegisterView.swift in Sources */ = {isa = PBXBuildFile; fileRef = D6650F142D0F04E4002AA367 /* RegisterView.swift */; };
		D6650F172D0F04F5002AA367 /* LogOutView.swift in Sources */ = {isa = PBXBuildFile; fileRef = D6650F162D0F04F5002AA367 /* LogOutView.swift */; };
		D6650F192D0F0503002AA367 /* CommunityView.swift in Sources */ = {isa = PBXBuildFile; fileRef = D6650F182D0F0503002AA367 /* CommunityView.swift */; };
		D6650F1B2D0F051F002AA367 /* HotTopicView.swift in Sources */ = {isa = PBXBuildFile; fileRef = D6650F1A2D0F051F002AA367 /* HotTopicView.swift */; };
		D6650F1D2D0F053F002AA367 /* PostModel.swift in Sources */ = {isa = PBXBuildFile; fileRef = D6650F1C2D0F053F002AA367 /* PostModel.swift */; };
		D6650F1F2D0F054F002AA367 /* CommentModel.swift in Sources */ = {isa = PBXBuildFile; fileRef = D6650F1E2D0F054F002AA367 /* CommentModel.swift */; };
		D6650F212D0F0563002AA367 /* PostCreationVIew.swift in Sources */ = {isa = PBXBuildFile; fileRef = D6650F202D0F0563002AA367 /* PostCreationVIew.swift */; };
		D6650F232D0F0572002AA367 /* PostView.swift in Sources */ = {isa = PBXBuildFile; fileRef = D6650F222D0F0572002AA367 /* PostView.swift */; };
		D6650F252D0F05A8002AA367 /* UserManager.swift in Sources */ = {isa = PBXBuildFile; fileRef = D6650F242D0F05A8002AA367 /* UserManager.swift */; };
		D6650F272D0F06E0002AA367 /* Literary_LP.swift in Sources */ = {isa = PBXBuildFile; fileRef = D6650F262D0F06E0002AA367 /* Literary_LP.swift */; };
		D6650F2B2D0F5149002AA367 /* StorageManager.swift in Sources */ = {isa = PBXBuildFile; fileRef = D6650F2A2D0F5149002AA367 /* StorageManager.swift */; };
		D6650F2D2D0FB650002AA367 /* Testing.swift in Sources */ = {isa = PBXBuildFile; fileRef = D6650F2C2D0FB650002AA367 /* Testing.swift */; };
/* End PBXBuildFile section */

/* Begin PBXContainerItemProxy section */
		D6650EF62D0F04B8002AA367 /* PBXContainerItemProxy */ = {
			isa = PBXContainerItemProxy;
			containerPortal = D6650EDD2D0F04B5002AA367 /* Project object */;
			proxyType = 1;
			remoteGlobalIDString = D6650EE42D0F04B6002AA367;
			remoteInfo = "Literary Work & SP";
		};
		D6650F002D0F04B8002AA367 /* PBXContainerItemProxy */ = {
			isa = PBXContainerItemProxy;
			containerPortal = D6650EDD2D0F04B5002AA367 /* Project object */;
			proxyType = 1;
			remoteGlobalIDString = D6650EE42D0F04B6002AA367;
			remoteInfo = "Literary Work & SP";
		};
/* End PBXContainerItemProxy section */

/* Begin PBXFileReference section */
		D6650EE52D0F04B6002AA367 /* Literary Work & SP.app */ = {isa = PBXFileReference; explicitFileType = wrapper.application; includeInIndex = 0; path = "Literary Work & SP.app"; sourceTree = BUILT_PRODUCTS_DIR; };
		D6650EEC2D0F04B8002AA367 /* Assets.xcassets */ = {isa = PBXFileReference; lastKnownFileType = folder.assetcatalog; path = Assets.xcassets; sourceTree = "<group>"; };
		D6650EEF2D0F04B8002AA367 /* Preview Assets.xcassets */ = {isa = PBXFileReference; lastKnownFileType = folder.assetcatalog; path = "Preview Assets.xcassets"; sourceTree = "<group>"; };
		D6650EF52D0F04B8002AA367 /* Literary Work & SPTests.xctest */ = {isa = PBXFileReference; explicitFileType = wrapper.cfbundle; includeInIndex = 0; path = "Literary Work & SPTests.xctest"; sourceTree = BUILT_PRODUCTS_DIR; };
		D6650EF92D0F04B8002AA367 /* Literary_Work___SPTests.swift */ = {isa = PBXFileReference; lastKnownFileType = sourcecode.swift; path = "Literary_Work___SPTests.swift"; sourceTree = "<group>"; };
		D6650EFF2D0F04B8002AA367 /* Literary Work & SPUITests.xctest */ = {isa = PBXFileReference; explicitFileType = wrapper.cfbundle; includeInIndex = 0; path = "Literary Work & SPUITests.xctest"; sourceTree = BUILT_PRODUCTS_DIR; };
		D6650F032D0F04B8002AA367 /* Literary_Work___SPUITests.swift */ = {isa = PBXFileReference; lastKnownFileType = sourcecode.swift; path = "Literary_Work___SPUITests.swift"; sourceTree = "<group>"; };
		D6650F052D0F04B8002AA367 /* Literary_Work___SPUITestsLaunchTests.swift */ = {isa = PBXFileReference; lastKnownFileType = sourcecode.swift; path = "Literary_Work___SPUITestsLaunchTests.swift"; sourceTree = "<group>"; };
		D6650F122D0F04D4002AA367 /* LogInView.swift */ = {isa = PBXFileReference; lastKnownFileType = sourcecode.swift; path = LogInView.swift; sourceTree = "<group>"; };
		D6650F142D0F04E4002AA367 /* RegisterView.swift */ = {isa = PBXFileReference; lastKnownFileType = sourcecode.swift; path = RegisterView.swift; sourceTree = "<group>"; };
		D6650F162D0F04F5002AA367 /* LogOutView.swift */ = {isa = PBXFileReference; lastKnownFileType = sourcecode.swift; path = LogOutView.swift; sourceTree = "<group>"; };
		D6650F182D0F0503002AA367 /* CommunityView.swift */ = {isa = PBXFileReference; lastKnownFileType = sourcecode.swift; path = CommunityView.swift; sourceTree = "<group>"; };
		D6650F1A2D0F051F002AA367 /* HotTopicView.swift */ = {isa = PBXFileReference; lastKnownFileType = sourcecode.swift; path = HotTopicView.swift; sourceTree = "<group>"; };
		D6650F1C2D0F053F002AA367 /* PostModel.swift */ = {isa = PBXFileReference; lastKnownFileType = sourcecode.swift; path = PostModel.swift; sourceTree = "<group>"; };
		D6650F1E2D0F054F002AA367 /* CommentModel.swift */ = {isa = PBXFileReference; lastKnownFileType = sourcecode.swift; path = CommentModel.swift; sourceTree = "<group>"; };
		D6650F202D0F0563002AA367 /* PostCreationVIew.swift */ = {isa = PBXFileReference; lastKnownFileType = sourcecode.swift; path = PostCreationVIew.swift; sourceTree = "<group>"; };
		D6650F222D0F0572002AA367 /* PostView.swift */ = {isa = PBXFileReference; lastKnownFileType = sourcecode.swift; path = PostView.swift; sourceTree = "<group>"; };
		D6650F242D0F05A8002AA367 /* UserManager.swift */ = {isa = PBXFileReference; lastKnownFileType = sourcecode.swift; path = UserManager.swift; sourceTree = "<group>"; };
		D6650F262D0F06E0002AA367 /* Literary_LP.swift */ = {isa = PBXFileReference; lastKnownFileType = sourcecode.swift; path = Literary_LP.swift; sourceTree = "<group>"; };
		D6650F2A2D0F5149002AA367 /* StorageManager.swift */ = {isa = PBXFileReference; lastKnownFileType = sourcecode.swift; path = StorageManager.swift; sourceTree = "<group>"; };
		D6650F2C2D0FB650002AA367 /* Testing.swift */ = {isa = PBXFileReference; lastKnownFileType = sourcecode.swift; path = Testing.swift; sourceTree = "<group>"; };
/* End PBXFileReference section */

/* Begin PBXFrameworksBuildPhase section */
		D6650EE22D0F04B6002AA367 /* Frameworks */ = {
			isa = PBXFrameworksBuildPhase;
			buildActionMask = 2147483647;
			files = (
			);
			runOnlyForDeploymentPostprocessing = 0;
		};
		D6650EF22D0F04B8002AA367 /* Frameworks */ = {
			isa = PBXFrameworksBuildPhase;
			buildActionMask = 2147483647;
			files = (
			);
			runOnlyForDeploymentPostprocessing = 0;
		};
		D6650EFC2D0F04B8002AA367 /* Frameworks */ = {
			isa = PBXFrameworksBuildPhase;
			buildActionMask = 2147483647;
			files = (
			);
			runOnlyForDeploymentPostprocessing = 0;
		};
/* End PBXFrameworksBuildPhase section */

/* Begin PBXGroup section */
		D6650EDC2D0F04B5002AA367 = {
			isa = PBXGroup;
			children = (
				D6650EE72D0F04B6002AA367 /* Literary Work & SP */,
				D6650EF82D0F04B8002AA367 /* Literary Work & SPTests */,
				D6650F022D0F04B8002AA367 /* Literary Work & SPUITests */,
				D6650EE62D0F04B6002AA367 /* Products */,
			);
			sourceTree = "<group>";
		};
		D6650EE62D0F04B6002AA367 /* Products */ = {
			isa = PBXGroup;
			children = (
				D6650EE52D0F04B6002AA367 /* Literary Work & SP.app */,
				D6650EF52D0F04B8002AA367 /* Literary Work & SPTests.xctest */,
				D6650EFF2D0F04B8002AA367 /* Literary Work & SPUITests.xctest */,
			);
			name = Products;
			sourceTree = "<group>";
		};
		D6650EE72D0F04B6002AA367 /* Literary Work & SP */ = {
			isa = PBXGroup;
			children = (
				D6650F262D0F06E0002AA367 /* Literary_LP.swift */,
				D6650EEC2D0F04B8002AA367 /* Assets.xcassets */,
				D6650EEE2D0F04B8002AA367 /* Preview Content */,
				D6650F242D0F05A8002AA367 /* UserManager.swift */,
				D6650F122D0F04D4002AA367 /* LogInView.swift */,
				D6650F142D0F04E4002AA367 /* RegisterView.swift */,
				D6650F162D0F04F5002AA367 /* LogOutView.swift */,
				D6650F182D0F0503002AA367 /* CommunityView.swift */,
				D6650F1A2D0F051F002AA367 /* HotTopicView.swift */,
				D6650F1C2D0F053F002AA367 /* PostModel.swift */,
				D6650F1E2D0F054F002AA367 /* CommentModel.swift */,
				D6650F202D0F0563002AA367 /* PostCreationVIew.swift */,
				D6650F222D0F0572002AA367 /* PostView.swift */,
				D6650F2A2D0F5149002AA367 /* StorageManager.swift */,
				D6650F2C2D0FB650002AA367 /* Testing.swift */,
			);
			path = "Literary Work & SP";
			sourceTree = "<group>";
		};
		D6650EEE2D0F04B8002AA367 /* Preview Content */ = {
			isa = PBXGroup;
			children = (
				D6650EEF2D0F04B8002AA367 /* Preview Assets.xcassets */,
			);
			path = "Preview Content";
			sourceTree = "<group>";
		};
		D6650EF82D0F04B8002AA367 /* Literary Work & SPTests */ = {
			isa = PBXGroup;
			children = (
				D6650EF92D0F04B8002AA367 /* Literary_Work___SPTests.swift */,
			);
			path = "Literary Work & SPTests";
			sourceTree = "<group>";
		};
		D6650F022D0F04B8002AA367 /* Literary Work & SPUITests */ = {
			isa = PBXGroup;
			children = (
				D6650F032D0F04B8002AA367 /* Literary_Work___SPUITests.swift */,
				D6650F052D0F04B8002AA367 /* Literary_Work___SPUITestsLaunchTests.swift */,
			);
			path = "Literary Work & SPUITests";
			sourceTree = "<group>";
		};
/* End PBXGroup section */

/* Begin PBXNativeTarget section */
		D6650EE42D0F04B6002AA367 /* Literary Work & SP */ = {
			isa = PBXNativeTarget;
			buildConfigurationList = D6650F092D0F04B8002AA367 /* Build configuration list for PBXNativeTarget "Literary Work & SP" */;
			buildPhases = (
				D6650EE12D0F04B6002AA367 /* Sources */,
				D6650EE22D0F04B6002AA367 /* Frameworks */,
				D6650EE32D0F04B6002AA367 /* Resources */,
			);
			buildRules = (
			);
			dependencies = (
			);
			name = "Literary Work & SP";
			productName = "Literary Work & SP";
			productReference = D6650EE52D0F04B6002AA367 /* Literary Work & SP.app */;
			productType = "com.apple.product-type.application";
		};
		D6650EF42D0F04B8002AA367 /* Literary Work & SPTests */ = {
			isa = PBXNativeTarget;
			buildConfigurationList = D6650F0C2D0F04B8002AA367 /* Build configuration list for PBXNativeTarget "Literary Work & SPTests" */;
			buildPhases = (
				D6650EF12D0F04B8002AA367 /* Sources */,
				D6650EF22D0F04B8002AA367 /* Frameworks */,
				D6650EF32D0F04B8002AA367 /* Resources */,
			);
			buildRules = (
			);
			dependencies = (
				D6650EF72D0F04B8002AA367 /* PBXTargetDependency */,
			);
			name = "Literary Work & SPTests";
			productName = "Literary Work & SPTests";
			productReference = D6650EF52D0F04B8002AA367 /* Literary Work & SPTests.xctest */;
			productType = "com.apple.product-type.bundle.unit-test";
		};
		D6650EFE2D0F04B8002AA367 /* Literary Work & SPUITests */ = {
			isa = PBXNativeTarget;
			buildConfigurationList = D6650F0F2D0F04B8002AA367 /* Build configuration list for PBXNativeTarget "Literary Work & SPUITests" */;
			buildPhases = (
				D6650EFB2D0F04B8002AA367 /* Sources */,
				D6650EFC2D0F04B8002AA367 /* Frameworks */,
				D6650EFD2D0F04B8002AA367 /* Resources */,
			);
			buildRules = (
			);
			dependencies = (
				D6650F012D0F04B8002AA367 /* PBXTargetDependency */,
			);
			name = "Literary Work & SPUITests";
			productName = "Literary Work & SPUITests";
			productReference = D6650EFF2D0F04B8002AA367 /* Literary Work & SPUITests.xctest */;
			productType = "com.apple.product-type.bundle.ui-testing";
		};
/* End PBXNativeTarget section */

/* Begin PBXProject section */
		D6650EDD2D0F04B5002AA367 /* Project object */ = {
			isa = PBXProject;
			attributes = {
				BuildIndependentTargetsInParallel = 1;
				LastSwiftUpdateCheck = 1500;
				LastUpgradeCheck = 1500;
				TargetAttributes = {
					D6650EE42D0F04B6002AA367 = {
						CreatedOnToolsVersion = 15.0;
					};
					D6650EF42D0F04B8002AA367 = {
						CreatedOnToolsVersion = 15.0;
						TestTargetID = D6650EE42D0F04B6002AA367;
					};
					D6650EFE2D0F04B8002AA367 = {
						CreatedOnToolsVersion = 15.0;
						TestTargetID = D6650EE42D0F04B6002AA367;
					};
				};
			};
			buildConfigurationList = D6650EE02D0F04B5002AA367 /* Build configuration list for PBXProject "Literary Work & SP" */;
			compatibilityVersion = "Xcode 14.0";
			developmentRegion = en;
			hasScannedForEncodings = 0;
			knownRegions = (
				en,
				Base,
			);
			mainGroup = D6650EDC2D0F04B5002AA367;
			productRefGroup = D6650EE62D0F04B6002AA367 /* Products */;
			projectDirPath = "";
			projectRoot = "";
			targets = (
				D6650EE42D0F04B6002AA367 /* Literary Work & SP */,
				D6650EF42D0F04B8002AA367 /* Literary Work & SPTests */,
				D6650EFE2D0F04B8002AA367 /* Literary Work & SPUITests */,
			);
		};
/* End PBXProject section */

/* Begin PBXResourcesBuildPhase section */
		D6650EE32D0F04B6002AA367 /* Resources */ = {
			isa = PBXResourcesBuildPhase;
			buildActionMask = 2147483647;
			files = (
				D6650EF02D0F04B8002AA367 /* Preview Assets.xcassets in Resources */,
				D6650EED2D0F04B8002AA367 /* Assets.xcassets in Resources */,
			);
			runOnlyForDeploymentPostprocessing = 0;
		};
		D6650EF32D0F04B8002AA367 /* Resources */ = {
			isa = PBXResourcesBuildPhase;
			buildActionMask = 2147483647;
			files = (
			);
			runOnlyForDeploymentPostprocessing = 0;
		};
		D6650EFD2D0F04B8002AA367 /* Resources */ = {
			isa = PBXResourcesBuildPhase;
			buildActionMask = 2147483647;
			files = (
			);
			runOnlyForDeploymentPostprocessing = 0;
		};
/* End PBXResourcesBuildPhase section */

/* Begin PBXSourcesBuildPhase section */
		D6650EE12D0F04B6002AA367 /* Sources */ = {
			isa = PBXSourcesBuildPhase;
			buildActionMask = 2147483647;
			files = (
				D6650F132D0F04D4002AA367 /* LogInView.swift in Sources */,
				D6650F1D2D0F053F002AA367 /* PostModel.swift in Sources */,
				D6650F152D0F04E4002AA367 /* RegisterView.swift in Sources */,
				D6650F2B2D0F5149002AA367 /* StorageManager.swift in Sources */,
				D6650F192D0F0503002AA367 /* CommunityView.swift in Sources */,
				D6650F172D0F04F5002AA367 /* LogOutView.swift in Sources */,
				D6650F212D0F0563002AA367 /* PostCreationVIew.swift in Sources */,
				D6650F252D0F05A8002AA367 /* UserManager.swift in Sources */,
				D6650F1B2D0F051F002AA367 /* HotTopicView.swift in Sources */,
				D6650F2D2D0FB650002AA367 /* Testing.swift in Sources */,
				D6650F1F2D0F054F002AA367 /* CommentModel.swift in Sources */,
				D6650F272D0F06E0002AA367 /* Literary_LP.swift in Sources */,
				D6650F232D0F0572002AA367 /* PostView.swift in Sources */,
			);
			runOnlyForDeploymentPostprocessing = 0;
		};
		D6650EF12D0F04B8002AA367 /* Sources */ = {
			isa = PBXSourcesBuildPhase;
			buildActionMask = 2147483647;
			files = (
				D6650EFA2D0F04B8002AA367 /* Literary_Work___SPTests.swift in Sources */,
			);
			runOnlyForDeploymentPostprocessing = 0;
		};
		D6650EFB2D0F04B8002AA367 /* Sources */ = {
			isa = PBXSourcesBuildPhase;
			buildActionMask = 2147483647;
			files = (
				D6650F062D0F04B8002AA367 /* Literary_Work___SPUITestsLaunchTests.swift in Sources */,
				D6650F042D0F04B8002AA367 /* Literary_Work___SPUITests.swift in Sources */,
			);
			runOnlyForDeploymentPostprocessing = 0;
		};
/* End PBXSourcesBuildPhase section */

/* Begin PBXTargetDependency section */
		D6650EF72D0F04B8002AA367 /* PBXTargetDependency */ = {
			isa = PBXTargetDependency;
			target = D6650EE42D0F04B6002AA367 /* Literary Work & SP */;
			targetProxy = D6650EF62D0F04B8002AA367 /* PBXContainerItemProxy */;
		};
		D6650F012D0F04B8002AA367 /* PBXTargetDependency */ = {
			isa = PBXTargetDependency;
			target = D6650EE42D0F04B6002AA367 /* Literary Work & SP */;
			targetProxy = D6650F002D0F04B8002AA367 /* PBXContainerItemProxy */;
		};
/* End PBXTargetDependency section */

/* Begin XCBuildConfiguration section */
		D6650F072D0F04B8002AA367 /* Debug */ = {
			isa = XCBuildConfiguration;
			buildSettings = {
				ALWAYS_SEARCH_USER_PATHS = NO;
				ASSETCATALOG_COMPILER_GENERATE_SWIFT_ASSET_SYMBOL_EXTENSIONS = YES;
				CLANG_ANALYZER_NONNULL = YES;
				CLANG_ANALYZER_NUMBER_OBJECT_CONVERSION = YES_AGGRESSIVE;
				CLANG_CXX_LANGUAGE_STANDARD = "gnu++20";
				CLANG_ENABLE_MODULES = YES;
				CLANG_ENABLE_OBJC_ARC = YES;
				CLANG_ENABLE_OBJC_WEAK = YES;
				CLANG_WARN_BLOCK_CAPTURE_AUTORELEASING = YES;
				CLANG_WARN_BOOL_CONVERSION = YES;
				CLANG_WARN_COMMA = YES;
				CLANG_WARN_CONSTANT_CONVERSION = YES;
				CLANG_WARN_DEPRECATED_OBJC_IMPLEMENTATIONS = YES;
				CLANG_WARN_DIRECT_OBJC_ISA_USAGE = YES_ERROR;
				CLANG_WARN_DOCUMENTATION_COMMENTS = YES;
				CLANG_WARN_EMPTY_BODY = YES;
				CLANG_WARN_ENUM_CONVERSION = YES;
				CLANG_WARN_INFINITE_RECURSION = YES;
				CLANG_WARN_INT_CONVERSION = YES;
				CLANG_WARN_NON_LITERAL_NULL_CONVERSION = YES;
				CLANG_WARN_OBJC_IMPLICIT_RETAIN_SELF = YES;
				CLANG_WARN_OBJC_LITERAL_CONVERSION = YES;
				CLANG_WARN_OBJC_ROOT_CLASS = YES_ERROR;
				CLANG_WARN_QUOTED_INCLUDE_IN_FRAMEWORK_HEADER = YES;
				CLANG_WARN_RANGE_LOOP_ANALYSIS = YES;
				CLANG_WARN_STRICT_PROTOTYPES = YES;
				CLANG_WARN_SUSPICIOUS_MOVE = YES;
				CLANG_WARN_UNGUARDED_AVAILABILITY = YES_AGGRESSIVE;
				CLANG_WARN_UNREACHABLE_CODE = YES;
				CLANG_WARN__DUPLICATE_METHOD_MATCH = YES;
				COPY_PHASE_STRIP = NO;
				DEBUG_INFORMATION_FORMAT = dwarf;
				ENABLE_STRICT_OBJC_MSGSEND = YES;
				ENABLE_TESTABILITY = YES;
				ENABLE_USER_SCRIPT_SANDBOXING = YES;
				GCC_C_LANGUAGE_STANDARD = gnu17;
				GCC_DYNAMIC_NO_PIC = NO;
				GCC_NO_COMMON_BLOCKS = YES;
				GCC_OPTIMIZATION_LEVEL = 0;
				GCC_PREPROCESSOR_DEFINITIONS = (
					"DEBUG=1",
					"$(inherited)",
				);
				GCC_WARN_64_TO_32_BIT_CONVERSION = YES;
				GCC_WARN_ABOUT_RETURN_TYPE = YES_ERROR;
				GCC_WARN_UNDECLARED_SELECTOR = YES;
				GCC_WARN_UNINITIALIZED_AUTOS = YES_AGGRESSIVE;
				GCC_WARN_UNUSED_FUNCTION = YES;
				GCC_WARN_UNUSED_VARIABLE = YES;
				IPHONEOS_DEPLOYMENT_TARGET = 17.0;
				LOCALIZATION_PREFERS_STRING_CATALOGS = YES;
				MTL_ENABLE_DEBUG_INFO = INCLUDE_SOURCE;
				MTL_FAST_MATH = YES;
				ONLY_ACTIVE_ARCH = YES;
				SDKROOT = iphoneos;
				SWIFT_ACTIVE_COMPILATION_CONDITIONS = "DEBUG $(inherited)";
				SWIFT_OPTIMIZATION_LEVEL = "-Onone";
			};
			name = Debug;
		};
		D6650F082D0F04B8002AA367 /* Release */ = {
			isa = XCBuildConfiguration;
			buildSettings = {
				ALWAYS_SEARCH_USER_PATHS = NO;
				ASSETCATALOG_COMPILER_GENERATE_SWIFT_ASSET_SYMBOL_EXTENSIONS = YES;
				CLANG_ANALYZER_NONNULL = YES;
				CLANG_ANALYZER_NUMBER_OBJECT_CONVERSION = YES_AGGRESSIVE;
				CLANG_CXX_LANGUAGE_STANDARD = "gnu++20";
				CLANG_ENABLE_MODULES = YES;
				CLANG_ENABLE_OBJC_ARC = YES;
				CLANG_ENABLE_OBJC_WEAK = YES;
				CLANG_WARN_BLOCK_CAPTURE_AUTORELEASING = YES;
				CLANG_WARN_BOOL_CONVERSION = YES;
				CLANG_WARN_COMMA = YES;
				CLANG_WARN_CONSTANT_CONVERSION = YES;
				CLANG_WARN_DEPRECATED_OBJC_IMPLEMENTATIONS = YES;
				CLANG_WARN_DIRECT_OBJC_ISA_USAGE = YES_ERROR;
				CLANG_WARN_DOCUMENTATION_COMMENTS = YES;
				CLANG_WARN_EMPTY_BODY = YES;
				CLANG_WARN_ENUM_CONVERSION = YES;
				CLANG_WARN_INFINITE_RECURSION = YES;
				CLANG_WARN_INT_CONVERSION = YES;
				CLANG_WARN_NON_LITERAL_NULL_CONVERSION = YES;
				CLANG_WARN_OBJC_IMPLICIT_RETAIN_SELF = YES;
				CLANG_WARN_OBJC_LITERAL_CONVERSION = YES;
				CLANG_WARN_OBJC_ROOT_CLASS = YES_ERROR;
				CLANG_WARN_QUOTED_INCLUDE_IN_FRAMEWORK_HEADER = YES;
				CLANG_WARN_RANGE_LOOP_ANALYSIS = YES;
				CLANG_WARN_STRICT_PROTOTYPES = YES;
				CLANG_WARN_SUSPICIOUS_MOVE = YES;
				CLANG_WARN_UNGUARDED_AVAILABILITY = YES_AGGRESSIVE;
				CLANG_WARN_UNREACHABLE_CODE = YES;
				CLANG_WARN__DUPLICATE_METHOD_MATCH = YES;
				COPY_PHASE_STRIP = NO;
				DEBUG_INFORMATION_FORMAT = "dwarf-with-dsym";
				ENABLE_NS_ASSERTIONS = NO;
				ENABLE_STRICT_OBJC_MSGSEND = YES;
				ENABLE_USER_SCRIPT_SANDBOXING = YES;
				GCC_C_LANGUAGE_STANDARD = gnu17;
				GCC_NO_COMMON_BLOCKS = YES;
				GCC_WARN_64_TO_32_BIT_CONVERSION = YES;
				GCC_WARN_ABOUT_RETURN_TYPE = YES_ERROR;
				GCC_WARN_UNDECLARED_SELECTOR = YES;
				GCC_WARN_UNINITIALIZED_AUTOS = YES_AGGRESSIVE;
				GCC_WARN_UNUSED_FUNCTION = YES;
				GCC_WARN_UNUSED_VARIABLE = YES;
				IPHONEOS_DEPLOYMENT_TARGET = 17.0;
				LOCALIZATION_PREFERS_STRING_CATALOGS = YES;
				MTL_ENABLE_DEBUG_INFO = NO;
				MTL_FAST_MATH = YES;
				SDKROOT = iphoneos;
				SWIFT_COMPILATION_MODE = wholemodule;
				VALIDATE_PRODUCT = YES;
			};
			name = Release;
		};
		D6650F0A2D0F04B8002AA367 /* Debug */ = {
			isa = XCBuildConfiguration;
			buildSettings = {
				ASSETCATALOG_COMPILER_APPICON_NAME = AppIcon;
				ASSETCATALOG_COMPILER_GLOBAL_ACCENT_COLOR_NAME = AccentColor;
				CODE_SIGN_STYLE = Automatic;
				CURRENT_PROJECT_VERSION = 1;
				DEVELOPMENT_ASSET_PATHS = "\"Literary Work & SP/Preview Content\"";
				ENABLE_PREVIEWS = YES;
				GENERATE_INFOPLIST_FILE = YES;
				INFOPLIST_KEY_UIApplicationSceneManifest_Generation = YES;
				INFOPLIST_KEY_UIApplicationSupportsIndirectInputEvents = YES;
				INFOPLIST_KEY_UILaunchScreen_Generation = YES;
				INFOPLIST_KEY_UISupportedInterfaceOrientations_iPad = "UIInterfaceOrientationPortrait UIInterfaceOrientationPortraitUpsideDown UIInterfaceOrientationLandscapeLeft UIInterfaceOrientationLandscapeRight";
				INFOPLIST_KEY_UISupportedInterfaceOrientations_iPhone = "UIInterfaceOrientationPortrait UIInterfaceOrientationLandscapeLeft UIInterfaceOrientationLandscapeRight";
				LD_RUNPATH_SEARCH_PATHS = (
					"$(inherited)",
					"@executable_path/Frameworks",
				);
				MARKETING_VERSION = 1.0;
				PRODUCT_BUNDLE_IDENTIFIER = "aquinas.Literary-Work---SP";
				PRODUCT_NAME = "$(TARGET_NAME)";
				SWIFT_EMIT_LOC_STRINGS = YES;
				SWIFT_VERSION = 5.0;
				TARGETED_DEVICE_FAMILY = "1,2";
			};
			name = Debug;
		};
		D6650F0B2D0F04B8002AA367 /* Release */ = {
			isa = XCBuildConfiguration;
			buildSettings = {
				ASSETCATALOG_COMPILER_APPICON_NAME = AppIcon;
				ASSETCATALOG_COMPILER_GLOBAL_ACCENT_COLOR_NAME = AccentColor;
				CODE_SIGN_STYLE = Automatic;
				CURRENT_PROJECT_VERSION = 1;
				DEVELOPMENT_ASSET_PATHS = "\"Literary Work & SP/Preview Content\"";
				ENABLE_PREVIEWS = YES;
				GENERATE_INFOPLIST_FILE = YES;
				INFOPLIST_KEY_UIApplicationSceneManifest_Generation = YES;
				INFOPLIST_KEY_UIApplicationSupportsIndirectInputEvents = YES;
				INFOPLIST_KEY_UILaunchScreen_Generation = YES;
				INFOPLIST_KEY_UISupportedInterfaceOrientations_iPad = "UIInterfaceOrientationPortrait UIInterfaceOrientationPortraitUpsideDown UIInterfaceOrientationLandscapeLeft UIInterfaceOrientationLandscapeRight";
				INFOPLIST_KEY_UISupportedInterfaceOrientations_iPhone = "UIInterfaceOrientationPortrait UIInterfaceOrientationLandscapeLeft UIInterfaceOrientationLandscapeRight";
				LD_RUNPATH_SEARCH_PATHS = (
					"$(inherited)",
					"@executable_path/Frameworks",
				);
				MARKETING_VERSION = 1.0;
				PRODUCT_BUNDLE_IDENTIFIER = "aquinas.Literary-Work---SP";
				PRODUCT_NAME = "$(TARGET_NAME)";
				SWIFT_EMIT_LOC_STRINGS = YES;
				SWIFT_VERSION = 5.0;
				TARGETED_DEVICE_FAMILY = "1,2";
			};
			name = Release;
		};
		D6650F0D2D0F04B8002AA367 /* Debug */ = {
			isa = XCBuildConfiguration;
			buildSettings = {
				ALWAYS_EMBED_SWIFT_STANDARD_LIBRARIES = YES;
				BUNDLE_LOADER = "$(TEST_HOST)";
				CODE_SIGN_STYLE = Automatic;
				CURRENT_PROJECT_VERSION = 1;
				GENERATE_INFOPLIST_FILE = YES;
				IPHONEOS_DEPLOYMENT_TARGET = 17.0;
				MARKETING_VERSION = 1.0;
				PRODUCT_BUNDLE_IDENTIFIER = "aquinas.Literary-Work---SPTests";
				PRODUCT_NAME = "$(TARGET_NAME)";
				SWIFT_EMIT_LOC_STRINGS = NO;
				SWIFT_VERSION = 5.0;
				TARGETED_DEVICE_FAMILY = "1,2";
				TEST_HOST = "$(BUILT_PRODUCTS_DIR)/Literary Work & SP.app/$(BUNDLE_EXECUTABLE_FOLDER_PATH)/Literary Work & SP";
			};
			name = Debug;
		};
		D6650F0E2D0F04B8002AA367 /* Release */ = {
			isa = XCBuildConfiguration;
			buildSettings = {
				ALWAYS_EMBED_SWIFT_STANDARD_LIBRARIES = YES;
				BUNDLE_LOADER = "$(TEST_HOST)";
				CODE_SIGN_STYLE = Automatic;
				CURRENT_PROJECT_VERSION = 1;
				GENERATE_INFOPLIST_FILE = YES;
				IPHONEOS_DEPLOYMENT_TARGET = 17.0;
				MARKETING_VERSION = 1.0;
				PRODUCT_BUNDLE_IDENTIFIER = "aquinas.Literary-Work---SPTests";
				PRODUCT_NAME = "$(TARGET_NAME)";
				SWIFT_EMIT_LOC_STRINGS = NO;
				SWIFT_VERSION = 5.0;
				TARGETED_DEVICE_FAMILY = "1,2";
				TEST_HOST = "$(BUILT_PRODUCTS_DIR)/Literary Work & SP.app/$(BUNDLE_EXECUTABLE_FOLDER_PATH)/Literary Work & SP";
			};
			name = Release;
		};
		D6650F102D0F04B8002AA367 /* Debug */ = {
			isa = XCBuildConfiguration;
			buildSettings = {
				ALWAYS_EMBED_SWIFT_STANDARD_LIBRARIES = YES;
				CODE_SIGN_STYLE = Automatic;
				CURRENT_PROJECT_VERSION = 1;
				GENERATE_INFOPLIST_FILE = YES;
				MARKETING_VERSION = 1.0;
				PRODUCT_BUNDLE_IDENTIFIER = "aquinas.Literary-Work---SPUITests";
				PRODUCT_NAME = "$(TARGET_NAME)";
				SWIFT_EMIT_LOC_STRINGS = NO;
				SWIFT_VERSION = 5.0;
				TARGETED_DEVICE_FAMILY = "1,2";
				TEST_TARGET_NAME = "Literary Work & SP";
			};
			name = Debug;
		};
		D6650F112D0F04B8002AA367 /* Release */ = {
			isa = XCBuildConfiguration;
			buildSettings = {
				ALWAYS_EMBED_SWIFT_STANDARD_LIBRARIES = YES;
				CODE_SIGN_STYLE = Automatic;
				CURRENT_PROJECT_VERSION = 1;
				GENERATE_INFOPLIST_FILE = YES;
				MARKETING_VERSION = 1.0;
				PRODUCT_BUNDLE_IDENTIFIER = "aquinas.Literary-Work---SPUITests";
				PRODUCT_NAME = "$(TARGET_NAME)";
				SWIFT_EMIT_LOC_STRINGS = NO;
				SWIFT_VERSION = 5.0;
				TARGETED_DEVICE_FAMILY = "1,2";
				TEST_TARGET_NAME = "Literary Work & SP";
			};
			name = Release;
		};
/* End XCBuildConfiguration section */

/* Begin XCConfigurationList section */
		D6650EE02D0F04B5002AA367 /* Build configuration list for PBXProject "Literary Work & SP" */ = {
			isa = XCConfigurationList;
			buildConfigurations = (
				D6650F072D0F04B8002AA367 /* Debug */,
				D6650F082D0F04B8002AA367 /* Release */,
			);
			defaultConfigurationIsVisible = 0;
			defaultConfigurationName = Release;
		};
		D6650F092D0F04B8002AA367 /* Build configuration list for PBXNativeTarget "Literary Work & SP" */ = {
			isa = XCConfigurationList;
			buildConfigurations = (
				D6650F0A2D0F04B8002AA367 /* Debug */,
				D6650F0B2D0F04B8002AA367 /* Release */,
			);
			defaultConfigurationIsVisible = 0;
			defaultConfigurationName = Release;
		};
		D6650F0C2D0F04B8002AA367 /* Build configuration list for PBXNativeTarget "Literary Work & SPTests" */ = {
			isa = XCConfigurationList;
			buildConfigurations = (
				D6650F0D2D0F04B8002AA367 /* Debug */,
				D6650F0E2D0F04B8002AA367 /* Release */,
			);
			defaultConfigurationIsVisible = 0;
			defaultConfigurationName = Release;
		};
		D6650F0F2D0F04B8002AA367 /* Build configuration list for PBXNativeTarget "Literary Work & SPUITests" */ = {
			isa = XCConfigurationList;
			buildConfigurations = (
				D6650F102D0F04B8002AA367 /* Debug */,
				D6650F112D0F04B8002AA367 /* Release */,
			);
			defaultConfigurationIsVisible = 0;
			defaultConfigurationName = Release;
		};
/* End XCConfigurationList section */
	};
	rootObject = D6650EDD2D0F04B5002AA367 /* Project object */;
}
